{
    "name": "nodejsDriverFindAndCursors",
    "version": "0.1.0",
    "lockfileVersion": 1,
    "requires": true,
    "dependencies": {
        "ansi-escape-sequences": {
            "version": "2.2.2",
            "resolved": "https://registry.npmjs.org/ansi-escape-sequences/-/ansi-escape-sequences-2.2.2.tgz",
            "integrity": "sha1-F0x41vi33nX4lXroHH9yIQxwFjU=",
            "requires": {
                "array-back": "^1.0.2",
                "collect-all": "~0.2.1"
            }
        },
        "array-back": {
            "version": "1.0.4",
            "resolved": "https://registry.npmjs.org/array-back/-/array-back-1.0.4.tgz",
            "integrity": "sha1-ZEun8JX3/898Q7Xw3DnTwfA8Bjs=",
            "requires": {
                "typical": "^2.6.0"
            }
        },
        "bson": {
            "version": "1.1.5",
            "resolved": "https://registry.npmjs.org/bson/-/bson-1.1.5.tgz",
            "integrity": "sha512-kDuEzldR21lHciPQAIulLs1LZlCXdLziXI6Mb/TDkwXhb//UORJNPXgcRs2CuO4H0DcMkpfT3/ySsP3unoZjBg=="
        },
        "collect-all": {
            "version": "0.2.1",
            "resolved": "https://registry.npmjs.org/collect-all/-/collect-all-0.2.1.tgz",
            "integrity": "sha1-ciX7RYXCLU/6yIbwq69avFY6Gmo=",
            "requires": {
                "stream-connect": "^1.0.1",
                "stream-via": "~0.1.0",
                "typical": "^2.3.0"
            }
        },
        "collect-json": {
            "version": "1.0.8",
            "resolved": "https://registry.npmjs.org/collect-json/-/collect-json-1.0.8.tgz",
            "integrity": "sha1-qi+lK00dlETOaQ8HoeNherdLuCc=",
            "requires": {
                "collect-all": "^1.0.2",
                "stream-connect": "^1.0.2",
                "stream-via": "^1.0.3"
            },
            "dependencies": {
                "collect-all": {
                    "version": "1.0.3",
                    "resolved": "https://registry.npmjs.org/collect-all/-/collect-all-1.0.3.tgz",
                    "integrity": "sha512-0y0rBgoX8IzIjBAUnO73SEtSb4Mhk3IoceWJq5zZSxb9mWORhWH8xLYo4EDSOE1jRBk1LhmfjqWFFt10h/+MEA==",
                    "requires": {
                        "stream-connect": "^1.0.2",
                        "stream-via": "^1.0.4"
                    }
                },
                "stream-via": {
                    "version": "1.0.4",
                    "resolved": "https://registry.npmjs.org/stream-via/-/stream-via-1.0.4.tgz",
                    "integrity": "sha512-DBp0lSvX5G9KGRDTkR/R+a29H+Wk2xItOF+MpZLLNDWbEV9tGPnqLPxHEYjmiz8xGtJHRIqmI+hCjmNzqoA4nQ=="
                }
            }
        },
        "column-layout": {
            "version": "2.1.4",
            "resolved": "https://registry.npmjs.org/column-layout/-/column-layout-2.1.4.tgz",
            "integrity": "sha1-7ShXCSzPgzgCb+U4N52WctcLNkE=",
            "requires": {
                "ansi-escape-sequences": "^2.2.2",
                "array-back": "^1.0.3",
                "collect-json": "^1.0.8",
                "command-line-args": "^2.1.6",
                "core-js": "^2.4.0",
                "deep-extend": "~0.4.1",
                "feature-detect-es6": "^1.2.0",
                "object-tools": "^2.0.6",
                "typical": "^2.4.2",
                "wordwrapjs": "^1.2.0"
            }
        },
        "command-line-args": {
            "version": "2.1.6",
            "resolved": "https://registry.npmjs.org/command-line-args/-/command-line-args-2.1.6.tgz",
            "integrity": "sha1-8ZfW6v80yQhVd0hLKGQ3WylPVpc=",
            "requires": {
                "array-back": "^1.0.2",
                "command-line-usage": "^2",
                "core-js": "^2.0.1",
                "feature-detect-es6": "^1.2.0",
                "find-replace": "^1",
                "typical": "^2.3.0"
            }
        },
        "command-line-usage": {
            "version": "2.0.5",
            "resolved": "https://registry.npmjs.org/command-line-usage/-/command-line-usage-2.0.5.tgz",
            "integrity": "sha1-+Aw1yl6GJIQZI+o747m/v0974ns=",
            "requires": {
                "ansi-escape-sequences": "^2.2.2",
                "array-back": "^1.0.3",
                "column-layout": "^2.1.1",
                "feature-detect-es6": "^1.2.0",
                "typical": "^2.4.2",
                "wordwrapjs": "^1.2.0"
            }
        },
        "core-js": {
            "version": "2.5.7",
            "resolved": "https://registry.npmjs.org/core-js/-/core-js-2.5.7.tgz",
            "integrity": "sha512-RszJCAxg/PP6uzXVXL6BsxSXx/B05oJAQ2vkJRjyjrEcNVycaqOmNb5OTxZPE3xa5gwZduqza6L9JOCenh/Ecw=="
        },
        "deep-extend": {
            "version": "0.4.2",
            "resolved": "https://registry.npmjs.org/deep-extend/-/deep-extend-0.4.2.tgz",
            "integrity": "sha1-SLaZwn4zS/ifEIkr5DL25MfTSn8="
        },
        "feature-detect-es6": {
            "version": "1.4.1",
            "resolved": "https://registry.npmjs.org/feature-detect-es6/-/feature-detect-es6-1.4.1.tgz",
            "integrity": "sha512-iMxKpKdIBgcWiBPtz2qnEsNjCE2dBQvDyUqgrXLJboiaHwJa+2vDIZ8XbgNZGh1Rx1PUfZmI7uhG6Z4iQYWVjg==",
            "requires": {
                "array-back": "^1.0.4"
            }
        },
        "find-replace": {
            "version": "1.0.3",
            "resolved": "https://registry.npmjs.org/find-replace/-/find-replace-1.0.3.tgz",
            "integrity": "sha1-uI5zZNLZyVlVnziMZmcNYTBEH6A=",
            "requires": {
                "array-back": "^1.0.4",
                "test-value": "^2.1.0"
            },
            "dependencies": {
                "test-value": {
                    "version": "2.1.0",
                    "resolved": "https://registry.npmjs.org/test-value/-/test-value-2.1.0.tgz",
                    "integrity": "sha1-Edpv9nDzRxpztiXKTz/c97t0gpE=",
                    "requires": {
                        "array-back": "^1.0.3",
                        "typical": "^2.6.0"
                    }
                }
            }
        },
        "memory-pager": {
            "version": "1.5.0",
            "resolved": "https://registry.npmjs.org/memory-pager/-/memory-pager-1.5.0.tgz",
            "integrity": "sha512-ZS4Bp4r/Zoeq6+NLJpP+0Zzm0pR8whtGPf1XExKLJBAczGMnSi3It14OiNCStjQjM6NU1okjQGSxgEZN8eBYKg==",
            "optional": true
        },
        "mongodb": {
            "version": "3.1.13",
            "resolved": "https://registry.npmjs.org/mongodb/-/mongodb-3.1.13.tgz",
            "integrity": "sha512-sz2dhvBZQWf3LRNDhbd30KHVzdjZx9IKC0L+kSZ/gzYquCF5zPOgGqRz6sSCqYZtKP2ekB4nfLxhGtzGHnIKxA==",
            "requires": {
                "mongodb-core": "3.1.11",
                "safe-buffer": "^5.1.2"
            }
        },
        "mongodb-core": {
            "version": "3.1.11",
            "resolved": "https://registry.npmjs.org/mongodb-core/-/mongodb-core-3.1.11.tgz",
            "integrity": "sha512-rD2US2s5qk/ckbiiGFHeu+yKYDXdJ1G87F6CG3YdaZpzdOm5zpoAZd/EKbPmFO6cQZ+XVXBXBJ660sSI0gc6qg==",
            "requires": {
                "bson": "^1.1.0",
                "require_optional": "^1.0.1",
                "safe-buffer": "^5.1.2",
                "saslprep": "^1.0.0"
            }
        },
        "object-get": {
            "version": "2.1.0",
            "resolved": "https://registry.npmjs.org/object-get/-/object-get-2.1.0.tgz",
            "integrity": "sha1-ciu9tgA576R8rTxtws5RqFwCxa4="
        },
        "object-tools": {
            "version": "2.0.6",
            "resolved": "https://registry.npmjs.org/object-tools/-/object-tools-2.0.6.tgz",
            "integrity": "sha1-8/4cNQzaSm9dmdlkbcSJKgJHbd0=",
            "requires": {
                "array-back": "^1.0.2",
                "collect-json": "^1.0.7",
                "object-get": "^2.0.2",
                "test-value": "^1.1.0",
                "typical": "^2.4.2"
            }
        },
        "require_optional": {
            "version": "1.0.1",
            "resolved": "https://registry.npmjs.org/require_optional/-/require_optional-1.0.1.tgz",
            "integrity": "sha512-qhM/y57enGWHAe3v/NcwML6a3/vfESLe/sGM2dII+gEO0BpKRUkWZow/tyloNqJyN6kXSl3RyyM8Ll5D/sJP8g==",
            "requires": {
                "resolve-from": "^2.0.0",
                "semver": "^5.1.0"
            }
        },
        "resolve-from": {
            "version": "2.0.0",
            "resolved": "https://registry.npmjs.org/resolve-from/-/resolve-from-2.0.0.tgz",
            "integrity": "sha1-lICrIOlP+h2egKgEx+oUdhGWa1c="
        },
        "safe-buffer": {
            "version": "5.2.1",
            "resolved": "https://registry.npmjs.org/safe-buffer/-/safe-buffer-5.2.1.tgz",
            "integrity": "sha512-rp3So07KcdmmKbGvgaNxQSJr7bGVSVk5S9Eq1F+ppbRo70+YeaDxkw5Dd8NPN+GD6bjnYm2VuPuCXmpuYvmCXQ=="
        },
        "saslprep": {
            "version": "1.0.3",
            "resolved": "https://registry.npmjs.org/saslprep/-/saslprep-1.0.3.tgz",
            "integrity": "sha512-/MY/PEMbk2SuY5sScONwhUDsV2p77Znkb/q3nSVstq/yQzYJOH/Azh29p9oJLsl3LnQwSvZDKagDGBsBwSooag==",
            "optional": true,
            "requires": {
                "sparse-bitfield": "^3.0.3"
            }
        },
        "semver": {
            "version": "5.7.1",
            "resolved": "https://registry.npmjs.org/semver/-/semver-5.7.1.tgz",
            "integrity": "sha512-sauaDf/PZdVgrLTNYHRtpXa1iRiKcaebiKQ1BJdpQlWH2lCvexQdX55snPFyK7QzpudqbCI0qXFfOasHdyNDGQ=="
        },
        "sparse-bitfield": {
            "version": "3.0.3",
            "resolved": "https://registry.npmjs.org/sparse-bitfield/-/sparse-bitfield-3.0.3.tgz",
            "integrity": "sha1-/0rm5oZWBWuks+eSqzM004JzyhE=",
            "optional": true,
            "requires": {
                "memory-pager": "^1.0.2"
            }
        },
        "stream-connect": {
            "version": "1.0.2",
            "resolved": "https://registry.npmjs.org/stream-connect/-/stream-connect-1.0.2.tgz",
            "integrity": "sha1-GLyB8u2zW4tdmoAJIAqYUxRCipc=",
            "requires": {
                "array-back": "^1.0.2"
            }
        },
        "stream-via": {
            "version": "0.1.1",
            "resolved": "https://registry.npmjs.org/stream-via/-/stream-via-0.1.1.tgz",
            "integrity": "sha1-DO5d+clZ+x0/TtpIGfKJ1fkgWvw="
        },
        "test-value": {
            "version": "1.1.0",
            "resolved": "https://registry.npmjs.org/test-value/-/test-value-1.1.0.tgz",
            "integrity": "sha1-oJE29y7AQ9J8iTcHwrFZv6196T8=",
            "requires": {
                "array-back": "^1.0.2",
                "typical": "^2.4.2"
            }
        },
        "typical": {
            "version": "2.6.1",
            "resolved": "https://registry.npmjs.org/typical/-/typical-2.6.1.tgz",
            "integrity": "sha1-XAgOXWYcu+OCWdLnCjxyU+hziB0="
        },
        "wordwrapjs": {
            "version": "1.2.1",
            "resolved": "https://registry.npmjs.org/wordwrapjs/-/wordwrapjs-1.2.1.tgz",
            "integrity": "sha1-dUpeoGZM+/9QVA3DLWe9oyifw0s=",
            "requires": {
                "array-back": "^1.0.3",
                "typical": "^2.5.0"
            }
        }
    }
}
